
Microsoft Visual Studio Solution File, Format Version 12.00
# Visual Studio 15
VisualStudioVersion = 15.0.28307.645
MinimumVisualStudioVersion = 10.0.40219.1
Project("{9A19103F-16F7-4668-BE54-9A1E7A4F7556}") = "StoreInfo.Plugin", "StoreInfo.Plugin\StoreInfo.Plugin.csproj", "{EA7223DF-592D-4862-950D-298FB9E7983A}"
EndProject
Project("{FAE04EC0-301F-11D3-BF4B-00C04F79EFBC}") = "StoreInfo.Plugin.Droid", "StoreInfo.Plugin.Droid\StoreInfo.Plugin.Droid.csproj", "{F8EDC621-E0D7-411A-9FE6-8A70D831351E}"
EndProject
Project("{FAE04EC0-301F-11D3-BF4B-00C04F79EFBC}") = "StoreInfo.Plugin.iOS", "StoreInfo.Plugin.iOS\StoreInfo.Plugin.iOS.csproj", "{E71F3053-056C-4381-9638-048ED73BDFF6}"
EndProject
Project("{9A19103F-16F7-4668-BE54-9A1E7A4F7556}") = "StoreInfo.Plugin.Abstraction", "StoreInfo.Plugin.Abstraction\StoreInfo.Plugin.Abstraction.csproj", "{9907C330-C7CC-42C2-8F62-C915CC5FE0E5}"
EndProject
Global
	GlobalSection(SolutionConfigurationPlatforms) = preSolution
		Ad-Hoc|Any CPU = Ad-Hoc|Any CPU
		Ad-Hoc|ARM = Ad-Hoc|ARM
		Ad-Hoc|iPhone = Ad-Hoc|iPhone
		Ad-Hoc|iPhoneSimulator = Ad-Hoc|iPhoneSimulator
		Ad-Hoc|x64 = Ad-Hoc|x64
		Ad-Hoc|x86 = Ad-Hoc|x86
		AppStore|Any CPU = AppStore|Any CPU
		AppStore|ARM = AppStore|ARM
		AppStore|iPhone = AppStore|iPhone
		AppStore|iPhoneSimulator = AppStore|iPhoneSimulator
		AppStore|x64 = AppStore|x64
		AppStore|x86 = AppStore|x86
		Debug|Any CPU = Debug|Any CPU
		Debug|ARM = Debug|ARM
		Debug|iPhone = Debug|iPhone
		Debug|iPhoneSimulator = Debug|iPhoneSimulator
		Debug|x64 = Debug|x64
		Debug|x86 = Debug|x86
		Release|Any CPU = Release|Any CPU
		Release|ARM = Release|ARM
		Release|iPhone = Release|iPhone
		Release|iPhoneSimulator = Release|iPhoneSimulator
		Release|x64 = Release|x64
		Release|x86 = Release|x86
	EndGlobalSection
	GlobalSection(ProjectConfigurationPlatforms) = postSolution
		{EA7223DF-592D-4862-950D-298FB9E7983A}.Ad-Hoc|Any CPU.ActiveCfg = Debug|Any CPU
		{EA7223DF-592D-4862-950D-298FB9E7983A}.Ad-Hoc|Any CPU.Build.0 = Debug|Any CPU
		{EA7223DF-592D-4862-950D-298FB9E7983A}.Ad-Hoc|ARM.ActiveCfg = Debug|Any CPU
		{EA7223DF-592D-4862-950D-298FB9E7983A}.Ad-Hoc|ARM.Build.0 = Debug|Any CPU
		{EA7223DF-592D-4862-950D-298FB9E7983A}.Ad-Hoc|iPhone.ActiveCfg = Debug|Any CPU
		{EA7223DF-592D-4862-950D-298FB9E7983A}.Ad-Hoc|iPhone.Build.0 = Debug|Any CPU
		{EA7223DF-592D-4862-950D-298FB9E7983A}.Ad-Hoc|iPhoneSimulator.ActiveCfg = Debug|Any CPU
		{EA7223DF-592D-4862-950D-298FB9E7983A}.Ad-Hoc|iPhoneSimulator.Build.0 = Debug|Any CPU
		{EA7223DF-592D-4862-950D-298FB9E7983A}.Ad-Hoc|x64.ActiveCfg = Debug|Any CPU
		{EA7223DF-592D-4862-950D-298FB9E7983A}.Ad-Hoc|x64.Build.0 = Debug|Any CPU
		{EA7223DF-592D-4862-950D-298FB9E7983A}.Ad-Hoc|x86.ActiveCfg = Debug|Any CPU
		{EA7223DF-592D-4862-950D-298FB9E7983A}.Ad-Hoc|x86.Build.0 = Debug|Any CPU
		{EA7223DF-592D-4862-950D-298FB9E7983A}.AppStore|Any CPU.ActiveCfg = Debug|Any CPU
		{EA7223DF-592D-4862-950D-298FB9E7983A}.AppStore|Any CPU.Build.0 = Debug|Any CPU
		{EA7223DF-592D-4862-950D-298FB9E7983A}.AppStore|ARM.ActiveCfg = Debug|Any CPU
		{EA7223DF-592D-4862-950D-298FB9E7983A}.AppStore|ARM.Build.0 = Debug|Any CPU
		{EA7223DF-592D-4862-950D-298FB9E7983A}.AppStore|iPhone.ActiveCfg = Debug|Any CPU
		{EA7223DF-592D-4862-950D-298FB9E7983A}.AppStore|iPhone.Build.0 = Debug|Any CPU
		{EA7223DF-592D-4862-950D-298FB9E7983A}.AppStore|iPhoneSimulator.ActiveCfg = Debug|Any CPU
		{EA7223DF-592D-4862-950D-298FB9E7983A}.AppStore|iPhoneSimulator.Build.0 = Debug|Any CPU
		{EA7223DF-592D-4862-950D-298FB9E7983A}.AppStore|x64.ActiveCfg = Debug|Any CPU
		{EA7223DF-592D-4862-950D-298FB9E7983A}.AppStore|x64.Build.0 = Debug|Any CPU
		{EA7223DF-592D-4862-950D-298FB9E7983A}.AppStore|x86.ActiveCfg = Debug|Any CPU
		{EA7223DF-592D-4862-950D-298FB9E7983A}.AppStore|x86.Build.0 = Debug|Any CPU
		{EA7223DF-592D-4862-950D-298FB9E7983A}.Debug|Any CPU.ActiveCfg = Debug|Any CPU
		{EA7223DF-592D-4862-950D-298FB9E7983A}.Debug|Any CPU.Build.0 = Debug|Any CPU
		{EA7223DF-592D-4862-950D-298FB9E7983A}.Debug|ARM.ActiveCfg = Debug|Any CPU
		{EA7223DF-592D-4862-950D-298FB9E7983A}.Debug|ARM.Build.0 = Debug|Any CPU
		{EA7223DF-592D-4862-950D-298FB9E7983A}.Debug|iPhone.ActiveCfg = Debug|Any CPU
		{EA7223DF-592D-4862-950D-298FB9E7983A}.Debug|iPhone.Build.0 = Debug|Any CPU
		{EA7223DF-592D-4862-950D-298FB9E7983A}.Debug|iPhoneSimulator.ActiveCfg = Debug|Any CPU
		{EA7223DF-592D-4862-950D-298FB9E7983A}.Debug|iPhoneSimulator.Build.0 = Debug|Any CPU
		{EA7223DF-592D-4862-950D-298FB9E7983A}.Debug|x64.ActiveCfg = Debug|Any CPU
		{EA7223DF-592D-4862-950D-298FB9E7983A}.Debug|x64.Build.0 = Debug|Any CPU
		{EA7223DF-592D-4862-950D-298FB9E7983A}.Debug|x86.ActiveCfg = Debug|Any CPU
		{EA7223DF-592D-4862-950D-298FB9E7983A}.Debug|x86.Build.0 = Debug|Any CPU
		{EA7223DF-592D-4862-950D-298FB9E7983A}.Release|Any CPU.ActiveCfg = Release|Any CPU
		{EA7223DF-592D-4862-950D-298FB9E7983A}.Release|Any CPU.Build.0 = Release|Any CPU
		{EA7223DF-592D-4862-950D-298FB9E7983A}.Release|ARM.ActiveCfg = Release|Any CPU
		{EA7223DF-592D-4862-950D-298FB9E7983A}.Release|ARM.Build.0 = Release|Any CPU
		{EA7223DF-592D-4862-950D-298FB9E7983A}.Release|iPhone.ActiveCfg = Release|Any CPU
		{EA7223DF-592D-4862-950D-298FB9E7983A}.Release|iPhone.Build.0 = Release|Any CPU
		{EA7223DF-592D-4862-950D-298FB9E7983A}.Release|iPhoneSimulator.ActiveCfg = Release|Any CPU
		{EA7223DF-592D-4862-950D-298FB9E7983A}.Release|iPhoneSimulator.Build.0 = Release|Any CPU
		{EA7223DF-592D-4862-950D-298FB9E7983A}.Release|x64.ActiveCfg = Release|Any CPU
		{EA7223DF-592D-4862-950D-298FB9E7983A}.Release|x64.Build.0 = Release|Any CPU
		{EA7223DF-592D-4862-950D-298FB9E7983A}.Release|x86.ActiveCfg = Release|Any CPU
		{EA7223DF-592D-4862-950D-298FB9E7983A}.Release|x86.Build.0 = Release|Any CPU
		{F8EDC621-E0D7-411A-9FE6-8A70D831351E}.Ad-Hoc|Any CPU.ActiveCfg = Release|Any CPU
		{F8EDC621-E0D7-411A-9FE6-8A70D831351E}.Ad-Hoc|Any CPU.Build.0 = Release|Any CPU
		{F8EDC621-E0D7-411A-9FE6-8A70D831351E}.Ad-Hoc|ARM.ActiveCfg = Release|Any CPU
		{F8EDC621-E0D7-411A-9FE6-8A70D831351E}.Ad-Hoc|ARM.Build.0 = Release|Any CPU
		{F8EDC621-E0D7-411A-9FE6-8A70D831351E}.Ad-Hoc|iPhone.ActiveCfg = Release|Any CPU
		{F8EDC621-E0D7-411A-9FE6-8A70D831351E}.Ad-Hoc|iPhone.Build.0 = Release|Any CPU
		{F8EDC621-E0D7-411A-9FE6-8A70D831351E}.Ad-Hoc|iPhoneSimulator.ActiveCfg = Release|Any CPU
		{F8EDC621-E0D7-411A-9FE6-8A70D831351E}.Ad-Hoc|iPhoneSimulator.Build.0 = Release|Any CPU
		{F8EDC621-E0D7-411A-9FE6-8A70D831351E}.Ad-Hoc|x64.ActiveCfg = Release|Any CPU
		{F8EDC621-E0D7-411A-9FE6-8A70D831351E}.Ad-Hoc|x64.Build.0 = Release|Any CPU
		{F8EDC621-E0D7-411A-9FE6-8A70D831351E}.Ad-Hoc|x86.ActiveCfg = Release|Any CPU
		{F8EDC621-E0D7-411A-9FE6-8A70D831351E}.Ad-Hoc|x86.Build.0 = Release|Any CPU
		{F8EDC621-E0D7-411A-9FE6-8A70D831351E}.AppStore|Any CPU.ActiveCfg = Release|Any CPU
		{F8EDC621-E0D7-411A-9FE6-8A70D831351E}.AppStore|Any CPU.Build.0 = Release|Any CPU
		{F8EDC621-E0D7-411A-9FE6-8A70D831351E}.AppStore|ARM.ActiveCfg = Release|Any CPU
		{F8EDC621-E0D7-411A-9FE6-8A70D831351E}.AppStore|ARM.Build.0 = Release|Any CPU
		{F8EDC621-E0D7-411A-9FE6-8A70D831351E}.AppStore|iPhone.ActiveCfg = Release|Any CPU
		{F8EDC621-E0D7-411A-9FE6-8A70D831351E}.AppStore|iPhone.Build.0 = Release|Any CPU
		{F8EDC621-E0D7-411A-9FE6-8A70D831351E}.AppStore|iPhoneSimulator.ActiveCfg = Release|Any CPU
		{F8EDC621-E0D7-411A-9FE6-8A70D831351E}.AppStore|iPhoneSimulator.Build.0 = Release|Any CPU
		{F8EDC621-E0D7-411A-9FE6-8A70D831351E}.AppStore|x64.ActiveCfg = Release|Any CPU
		{F8EDC621-E0D7-411A-9FE6-8A70D831351E}.AppStore|x64.Build.0 = Release|Any CPU
		{F8EDC621-E0D7-411A-9FE6-8A70D831351E}.AppStore|x86.ActiveCfg = Release|Any CPU
		{F8EDC621-E0D7-411A-9FE6-8A70D831351E}.AppStore|x86.Build.0 = Release|Any CPU
		{F8EDC621-E0D7-411A-9FE6-8A70D831351E}.Debug|Any CPU.ActiveCfg = Debug|Any CPU
		{F8EDC621-E0D7-411A-9FE6-8A70D831351E}.Debug|Any CPU.Build.0 = Debug|Any CPU
		{F8EDC621-E0D7-411A-9FE6-8A70D831351E}.Debug|ARM.ActiveCfg = Debug|Any CPU
		{F8EDC621-E0D7-411A-9FE6-8A70D831351E}.Debug|ARM.Build.0 = Debug|Any CPU
		{F8EDC621-E0D7-411A-9FE6-8A70D831351E}.Debug|iPhone.ActiveCfg = Debug|Any CPU
		{F8EDC621-E0D7-411A-9FE6-8A70D831351E}.Debug|iPhone.Build.0 = Debug|Any CPU
		{F8EDC621-E0D7-411A-9FE6-8A70D831351E}.Debug|iPhoneSimulator.ActiveCfg = Debug|Any CPU
		{F8EDC621-E0D7-411A-9FE6-8A70D831351E}.Debug|iPhoneSimulator.Build.0 = Debug|Any CPU
		{F8EDC621-E0D7-411A-9FE6-8A70D831351E}.Debug|x64.ActiveCfg = Debug|Any CPU
		{F8EDC621-E0D7-411A-9FE6-8A70D831351E}.Debug|x64.Build.0 = Debug|Any CPU
		{F8EDC621-E0D7-411A-9FE6-8A70D831351E}.Debug|x86.ActiveCfg = Debug|Any CPU
		{F8EDC621-E0D7-411A-9FE6-8A70D831351E}.Debug|x86.Build.0 = Debug|Any CPU
		{F8EDC621-E0D7-411A-9FE6-8A70D831351E}.Release|Any CPU.ActiveCfg = Release|Any CPU
		{F8EDC621-E0D7-411A-9FE6-8A70D831351E}.Release|Any CPU.Build.0 = Release|Any CPU
		{F8EDC621-E0D7-411A-9FE6-8A70D831351E}.Release|ARM.ActiveCfg = Release|Any CPU
		{F8EDC621-E0D7-411A-9FE6-8A70D831351E}.Release|ARM.Build.0 = Release|Any CPU
		{F8EDC621-E0D7-411A-9FE6-8A70D831351E}.Release|iPhone.ActiveCfg = Release|Any CPU
		{F8EDC621-E0D7-411A-9FE6-8A70D831351E}.Release|iPhone.Build.0 = Release|Any CPU
		{F8EDC621-E0D7-411A-9FE6-8A70D831351E}.Release|iPhoneSimulator.ActiveCfg = Release|Any CPU
		{F8EDC621-E0D7-411A-9FE6-8A70D831351E}.Release|iPhoneSimulator.Build.0 = Release|Any CPU
		{F8EDC621-E0D7-411A-9FE6-8A70D831351E}.Release|x64.ActiveCfg = Release|Any CPU
		{F8EDC621-E0D7-411A-9FE6-8A70D831351E}.Release|x64.Build.0 = Release|Any CPU
		{F8EDC621-E0D7-411A-9FE6-8A70D831351E}.Release|x86.ActiveCfg = Release|Any CPU
		{F8EDC621-E0D7-411A-9FE6-8A70D831351E}.Release|x86.Build.0 = Release|Any CPU
		{E71F3053-056C-4381-9638-048ED73BDFF6}.Ad-Hoc|Any CPU.ActiveCfg = Release|Any CPU
		{E71F3053-056C-4381-9638-048ED73BDFF6}.Ad-Hoc|Any CPU.Build.0 = Release|Any CPU
		{E71F3053-056C-4381-9638-048ED73BDFF6}.Ad-Hoc|ARM.ActiveCfg = Release|Any CPU
		{E71F3053-056C-4381-9638-048ED73BDFF6}.Ad-Hoc|ARM.Build.0 = Release|Any CPU
		{E71F3053-056C-4381-9638-048ED73BDFF6}.Ad-Hoc|iPhone.ActiveCfg = Release|Any CPU
		{E71F3053-056C-4381-9638-048ED73BDFF6}.Ad-Hoc|iPhone.Build.0 = Release|Any CPU
		{E71F3053-056C-4381-9638-048ED73BDFF6}.Ad-Hoc|iPhoneSimulator.ActiveCfg = Release|Any CPU
		{E71F3053-056C-4381-9638-048ED73BDFF6}.Ad-Hoc|iPhoneSimulator.Build.0 = Release|Any CPU
		{E71F3053-056C-4381-9638-048ED73BDFF6}.Ad-Hoc|x64.ActiveCfg = Release|Any CPU
		{E71F3053-056C-4381-9638-048ED73BDFF6}.Ad-Hoc|x64.Build.0 = Release|Any CPU
		{E71F3053-056C-4381-9638-048ED73BDFF6}.Ad-Hoc|x86.ActiveCfg = Release|Any CPU
		{E71F3053-056C-4381-9638-048ED73BDFF6}.Ad-Hoc|x86.Build.0 = Release|Any CPU
		{E71F3053-056C-4381-9638-048ED73BDFF6}.AppStore|Any CPU.ActiveCfg = Release|Any CPU
		{E71F3053-056C-4381-9638-048ED73BDFF6}.AppStore|Any CPU.Build.0 = Release|Any CPU
		{E71F3053-056C-4381-9638-048ED73BDFF6}.AppStore|ARM.ActiveCfg = Release|Any CPU
		{E71F3053-056C-4381-9638-048ED73BDFF6}.AppStore|ARM.Build.0 = Release|Any CPU
		{E71F3053-056C-4381-9638-048ED73BDFF6}.AppStore|iPhone.ActiveCfg = Release|Any CPU
		{E71F3053-056C-4381-9638-048ED73BDFF6}.AppStore|iPhone.Build.0 = Release|Any CPU
		{E71F3053-056C-4381-9638-048ED73BDFF6}.AppStore|iPhoneSimulator.ActiveCfg = Release|Any CPU
		{E71F3053-056C-4381-9638-048ED73BDFF6}.AppStore|iPhoneSimulator.Build.0 = Release|Any CPU
		{E71F3053-056C-4381-9638-048ED73BDFF6}.AppStore|x64.ActiveCfg = Release|Any CPU
		{E71F3053-056C-4381-9638-048ED73BDFF6}.AppStore|x64.Build.0 = Release|Any CPU
		{E71F3053-056C-4381-9638-048ED73BDFF6}.AppStore|x86.ActiveCfg = Release|Any CPU
		{E71F3053-056C-4381-9638-048ED73BDFF6}.AppStore|x86.Build.0 = Release|Any CPU
		{E71F3053-056C-4381-9638-048ED73BDFF6}.Debug|Any CPU.ActiveCfg = Debug|Any CPU
		{E71F3053-056C-4381-9638-048ED73BDFF6}.Debug|Any CPU.Build.0 = Debug|Any CPU
		{E71F3053-056C-4381-9638-048ED73BDFF6}.Debug|ARM.ActiveCfg = Debug|Any CPU
		{E71F3053-056C-4381-9638-048ED73BDFF6}.Debug|ARM.Build.0 = Debug|Any CPU
		{E71F3053-056C-4381-9638-048ED73BDFF6}.Debug|iPhone.ActiveCfg = Debug|Any CPU
		{E71F3053-056C-4381-9638-048ED73BDFF6}.Debug|iPhone.Build.0 = Debug|Any CPU
		{E71F3053-056C-4381-9638-048ED73BDFF6}.Debug|iPhoneSimulator.ActiveCfg = Debug|Any CPU
		{E71F3053-056C-4381-9638-048ED73BDFF6}.Debug|iPhoneSimulator.Build.0 = Debug|Any CPU
		{E71F3053-056C-4381-9638-048ED73BDFF6}.Debug|x64.ActiveCfg = Debug|Any CPU
		{E71F3053-056C-4381-9638-048ED73BDFF6}.Debug|x64.Build.0 = Debug|Any CPU
		{E71F3053-056C-4381-9638-048ED73BDFF6}.Debug|x86.ActiveCfg = Debug|Any CPU
		{E71F3053-056C-4381-9638-048ED73BDFF6}.Debug|x86.Build.0 = Debug|Any CPU
		{E71F3053-056C-4381-9638-048ED73BDFF6}.Release|Any CPU.ActiveCfg = Release|Any CPU
		{E71F3053-056C-4381-9638-048ED73BDFF6}.Release|Any CPU.Build.0 = Release|Any CPU
		{E71F3053-056C-4381-9638-048ED73BDFF6}.Release|ARM.ActiveCfg = Release|Any CPU
		{E71F3053-056C-4381-9638-048ED73BDFF6}.Release|ARM.Build.0 = Release|Any CPU
		{E71F3053-056C-4381-9638-048ED73BDFF6}.Release|iPhone.ActiveCfg = Release|Any CPU
		{E71F3053-056C-4381-9638-048ED73BDFF6}.Release|iPhone.Build.0 = Release|Any CPU
		{E71F3053-056C-4381-9638-048ED73BDFF6}.Release|iPhoneSimulator.ActiveCfg = Release|Any CPU
		{E71F3053-056C-4381-9638-048ED73BDFF6}.Release|iPhoneSimulator.Build.0 = Release|Any CPU
		{E71F3053-056C-4381-9638-048ED73BDFF6}.Release|x64.ActiveCfg = Release|Any CPU
		{E71F3053-056C-4381-9638-048ED73BDFF6}.Release|x64.Build.0 = Release|Any CPU
		{E71F3053-056C-4381-9638-048ED73BDFF6}.Release|x86.ActiveCfg = Release|Any CPU
		{E71F3053-056C-4381-9638-048ED73BDFF6}.Release|x86.Build.0 = Release|Any CPU
		{9907C330-C7CC-42C2-8F62-C915CC5FE0E5}.Ad-Hoc|Any CPU.ActiveCfg = Debug|Any CPU
		{9907C330-C7CC-42C2-8F62-C915CC5FE0E5}.Ad-Hoc|Any CPU.Build.0 = Debug|Any CPU
		{9907C330-C7CC-42C2-8F62-C915CC5FE0E5}.Ad-Hoc|ARM.ActiveCfg = Debug|Any CPU
		{9907C330-C7CC-42C2-8F62-C915CC5FE0E5}.Ad-Hoc|ARM.Build.0 = Debug|Any CPU
		{9907C330-C7CC-42C2-8F62-C915CC5FE0E5}.Ad-Hoc|iPhone.ActiveCfg = Debug|Any CPU
		{9907C330-C7CC-42C2-8F62-C915CC5FE0E5}.Ad-Hoc|iPhone.Build.0 = Debug|Any CPU
		{9907C330-C7CC-42C2-8F62-C915CC5FE0E5}.Ad-Hoc|iPhoneSimulator.ActiveCfg = Debug|Any CPU
		{9907C330-C7CC-42C2-8F62-C915CC5FE0E5}.Ad-Hoc|iPhoneSimulator.Build.0 = Debug|Any CPU
		{9907C330-C7CC-42C2-8F62-C915CC5FE0E5}.Ad-Hoc|x64.ActiveCfg = Debug|Any CPU
		{9907C330-C7CC-42C2-8F62-C915CC5FE0E5}.Ad-Hoc|x64.Build.0 = Debug|Any CPU
		{9907C330-C7CC-42C2-8F62-C915CC5FE0E5}.Ad-Hoc|x86.ActiveCfg = Debug|Any CPU
		{9907C330-C7CC-42C2-8F62-C915CC5FE0E5}.Ad-Hoc|x86.Build.0 = Debug|Any CPU
		{9907C330-C7CC-42C2-8F62-C915CC5FE0E5}.AppStore|Any CPU.ActiveCfg = Debug|Any CPU
		{9907C330-C7CC-42C2-8F62-C915CC5FE0E5}.AppStore|Any CPU.Build.0 = Debug|Any CPU
		{9907C330-C7CC-42C2-8F62-C915CC5FE0E5}.AppStore|ARM.ActiveCfg = Debug|Any CPU
		{9907C330-C7CC-42C2-8F62-C915CC5FE0E5}.AppStore|ARM.Build.0 = Debug|Any CPU
		{9907C330-C7CC-42C2-8F62-C915CC5FE0E5}.AppStore|iPhone.ActiveCfg = Debug|Any CPU
		{9907C330-C7CC-42C2-8F62-C915CC5FE0E5}.AppStore|iPhone.Build.0 = Debug|Any CPU
		{9907C330-C7CC-42C2-8F62-C915CC5FE0E5}.AppStore|iPhoneSimulator.ActiveCfg = Debug|Any CPU
		{9907C330-C7CC-42C2-8F62-C915CC5FE0E5}.AppStore|iPhoneSimulator.Build.0 = Debug|Any CPU
		{9907C330-C7CC-42C2-8F62-C915CC5FE0E5}.AppStore|x64.ActiveCfg = Debug|Any CPU
		{9907C330-C7CC-42C2-8F62-C915CC5FE0E5}.AppStore|x64.Build.0 = Debug|Any CPU
		{9907C330-C7CC-42C2-8F62-C915CC5FE0E5}.AppStore|x86.ActiveCfg = Debug|Any CPU
		{9907C330-C7CC-42C2-8F62-C915CC5FE0E5}.AppStore|x86.Build.0 = Debug|Any CPU
		{9907C330-C7CC-42C2-8F62-C915CC5FE0E5}.Debug|Any CPU.ActiveCfg = Debug|Any CPU
		{9907C330-C7CC-42C2-8F62-C915CC5FE0E5}.Debug|Any CPU.Build.0 = Debug|Any CPU
		{9907C330-C7CC-42C2-8F62-C915CC5FE0E5}.Debug|ARM.ActiveCfg = Debug|Any CPU
		{9907C330-C7CC-42C2-8F62-C915CC5FE0E5}.Debug|ARM.Build.0 = Debug|Any CPU
		{9907C330-C7CC-42C2-8F62-C915CC5FE0E5}.Debug|iPhone.ActiveCfg = Debug|Any CPU
		{9907C330-C7CC-42C2-8F62-C915CC5FE0E5}.Debug|iPhone.Build.0 = Debug|Any CPU
		{9907C330-C7CC-42C2-8F62-C915CC5FE0E5}.Debug|iPhoneSimulator.ActiveCfg = Debug|Any CPU
		{9907C330-C7CC-42C2-8F62-C915CC5FE0E5}.Debug|iPhoneSimulator.Build.0 = Debug|Any CPU
		{9907C330-C7CC-42C2-8F62-C915CC5FE0E5}.Debug|x64.ActiveCfg = Debug|Any CPU
		{9907C330-C7CC-42C2-8F62-C915CC5FE0E5}.Debug|x64.Build.0 = Debug|Any CPU
		{9907C330-C7CC-42C2-8F62-C915CC5FE0E5}.Debug|x86.ActiveCfg = Debug|Any CPU
		{9907C330-C7CC-42C2-8F62-C915CC5FE0E5}.Debug|x86.Build.0 = Debug|Any CPU
		{9907C330-C7CC-42C2-8F62-C915CC5FE0E5}.Release|Any CPU.ActiveCfg = Release|Any CPU
		{9907C330-C7CC-42C2-8F62-C915CC5FE0E5}.Release|Any CPU.Build.0 = Release|Any CPU
		{9907C330-C7CC-42C2-8F62-C915CC5FE0E5}.Release|ARM.ActiveCfg = Release|Any CPU
		{9907C330-C7CC-42C2-8F62-C915CC5FE0E5}.Release|ARM.Build.0 = Release|Any CPU
		{9907C330-C7CC-42C2-8F62-C915CC5FE0E5}.Release|iPhone.ActiveCfg = Release|Any CPU
		{9907C330-C7CC-42C2-8F62-C915CC5FE0E5}.Release|iPhone.Build.0 = Release|Any CPU
		{9907C330-C7CC-42C2-8F62-C915CC5FE0E5}.Release|iPhoneSimulator.ActiveCfg = Release|Any CPU
		{9907C330-C7CC-42C2-8F62-C915CC5FE0E5}.Release|iPhoneSimulator.Build.0 = Release|Any CPU
		{9907C330-C7CC-42C2-8F62-C915CC5FE0E5}.Release|x64.ActiveCfg = Release|Any CPU
		{9907C330-C7CC-42C2-8F62-C915CC5FE0E5}.Release|x64.Build.0 = Release|Any CPU
		{9907C330-C7CC-42C2-8F62-C915CC5FE0E5}.Release|x86.ActiveCfg = Release|Any CPU
		{9907C330-C7CC-42C2-8F62-C915CC5FE0E5}.Release|x86.Build.0 = Release|Any CPU
	EndGlobalSection
	GlobalSection(SolutionProperties) = preSolution
		HideSolutionNode = FALSE
	EndGlobalSection
	GlobalSection(ExtensibilityGlobals) = postSolution
		SolutionGuid = {4A4A3BB4-1170-495F-8125-AA00E47EA8D1}
	EndGlobalSection
EndGlobal
